// !$*UTF8*$!
{
	archiveVersion = 1;
	classes = {
	};
	objectVersion = 46;
	objects = {

/* Begin PBXBuildFile section */
		0C3C3F9C31872D61C43967A0 /* libPods-PixelMillUITests.a in Frameworks */ = {isa = PBXBuildFile; fileRef = 3C280F5692F22B5057AC29D2 /* libPods-PixelMillUITests.a */; };
		BF9E581C45C00CC8FA783A33 /* libPods-PixelMillTests.a in Frameworks */ = {isa = PBXBuildFile; fileRef = AD9134440D2D3D097ED79E6D /* libPods-PixelMillTests.a */; };
		D8192AE01E097CD8000CE4D1 /* AYCursorDrawView.m in Sources */ = {isa = PBXBuildFile; fileRef = D8192ADF1E097CD8000CE4D1 /* AYCursorDrawView.m */; };
		D81C944D1E0D375D00D95616 /* AYColorPickerViewController.m in Sources */ = {isa = PBXBuildFile; fileRef = D81C944C1E0D375D00D95616 /* AYColorPickerViewController.m */; };
		D829F7081E09526900622FDF /* AYDrawViewController.m in Sources */ = {isa = PBXBuildFile; fileRef = D829F7071E09526900622FDF /* AYDrawViewController.m */; };
		D83E80151E0830AC006B2B24 /* AYDrawView.m in Sources */ = {isa = PBXBuildFile; fileRef = D83E800D1E0830AC006B2B24 /* AYDrawView.m */; };
		D83E80161E0830AC006B2B24 /* AYPixelAdapter.m in Sources */ = {isa = PBXBuildFile; fileRef = D83E800E1E0830AC006B2B24 /* AYPixelAdapter.m */; };
		D83E80171E0830AC006B2B24 /* AYCanvas.m in Sources */ = {isa = PBXBuildFile; fileRef = D83E800F1E0830AC006B2B24 /* AYCanvas.m */; };
		D845D2BB1E095DCF00754646 /* AYSwipeToolBarView.m in Sources */ = {isa = PBXBuildFile; fileRef = D845D2BA1E095DCF00754646 /* AYSwipeToolBarView.m */; };
		D8468ED01E03A6AC0086F173 /* UIColor+colorWithInt.m in Sources */ = {isa = PBXBuildFile; fileRef = D8468ECF1E03A6AC0086F173 /* UIColor+colorWithInt.m */; };
		D8468ED21E03EEAB0086F173 /* PIXEL.TTF in Resources */ = {isa = PBXBuildFile; fileRef = D8468ED11E03EE430086F173 /* PIXEL.TTF */; };
		D84825D51E0125C9007FD9D3 /* main.m in Sources */ = {isa = PBXBuildFile; fileRef = D84825D41E0125C9007FD9D3 /* main.m */; };
		D84825D81E0125C9007FD9D3 /* AppDelegate.m in Sources */ = {isa = PBXBuildFile; fileRef = D84825D71E0125C9007FD9D3 /* AppDelegate.m */; };
		D84825DB1E0125C9007FD9D3 /* ViewController.m in Sources */ = {isa = PBXBuildFile; fileRef = D84825DA1E0125C9007FD9D3 /* ViewController.m */; };
		D84825DE1E0125C9007FD9D3 /* Main.storyboard in Resources */ = {isa = PBXBuildFile; fileRef = D84825DC1E0125C9007FD9D3 /* Main.storyboard */; };
		D84825E31E0125C9007FD9D3 /* LaunchScreen.storyboard in Resources */ = {isa = PBXBuildFile; fileRef = D84825E11E0125C9007FD9D3 /* LaunchScreen.storyboard */; };
		D84825EE1E0125C9007FD9D3 /* PixelMillTests.m in Sources */ = {isa = PBXBuildFile; fileRef = D84825ED1E0125C9007FD9D3 /* PixelMillTests.m */; };
		D84825F91E0125C9007FD9D3 /* PixelMillUITests.m in Sources */ = {isa = PBXBuildFile; fileRef = D84825F81E0125C9007FD9D3 /* PixelMillUITests.m */; };
		D8580DA81E02A12E009648ED /* AYTabBarController.m in Sources */ = {isa = PBXBuildFile; fileRef = D8580DA71E02A12E009648ED /* AYTabBarController.m */; };
		D8580DAB1E02A9FE009648ED /* AYNavigationController.m in Sources */ = {isa = PBXBuildFile; fileRef = D8580DAA1E02A9FE009648ED /* AYNavigationController.m */; };
		D8580DAE1E02AAEB009648ED /* AYBaseViewController.m in Sources */ = {isa = PBXBuildFile; fileRef = D8580DAD1E02AAEB009648ED /* AYBaseViewController.m */; };
		D8580DB11E02AB14009648ED /* AYExploreController.m in Sources */ = {isa = PBXBuildFile; fileRef = D8580DB01E02AB14009648ED /* AYExploreController.m */; };
		D8580DB41E02AB27009648ED /* AYMessageController.m in Sources */ = {isa = PBXBuildFile; fileRef = D8580DB31E02AB27009648ED /* AYMessageController.m */; };
		D8580DB71E02AB34009648ED /* AYMeController.m in Sources */ = {isa = PBXBuildFile; fileRef = D8580DB61E02AB34009648ED /* AYMeController.m */; };
		D8580DBC1E02B490009648ED /* AYDrawController1.m in Sources */ = {isa = PBXBuildFile; fileRef = D8580DBB1E02B490009648ED /* AYDrawController1.m */; };
		D88257131E0EDB7000586C8E /* Assets.xcassets in Resources */ = {isa = PBXBuildFile; fileRef = D88257121E0EDB7000586C8E /* Assets.xcassets */; };
		D88DC06E1E02E62000C32C81 /* AYLoginViewController.m in Sources */ = {isa = PBXBuildFile; fileRef = D88DC06D1E02E62000C32C81 /* AYLoginViewController.m */; };
		D88DC0721E02EF7400C32C81 /* AYPopupWindow.m in Sources */ = {isa = PBXBuildFile; fileRef = D88DC0711E02EF7400C32C81 /* AYPopupWindow.m */; };
		D88DC0771E0301A600C32C81 /* AYUnderLineTextField.m in Sources */ = {isa = PBXBuildFile; fileRef = D88DC0761E0301A600C32C81 /* AYUnderLineTextField.m */; };
		D8E5EA6E1E0A45B600CF3CC5 /* AYLayerViewController.m in Sources */ = {isa = PBXBuildFile; fileRef = D8E5EA6D1E0A45B600CF3CC5 /* AYLayerViewController.m */; };
		D8EC85FC1E0A5A6B0044AE57 /* AYLayerTableViewCell.m in Sources */ = {isa = PBXBuildFile; fileRef = D8EC85FB1E0A5A6B0044AE57 /* AYLayerTableViewCell.m */; };
		D8EC85FF1E0A77FA0044AE57 /* AYLayerEditorView.m in Sources */ = {isa = PBXBuildFile; fileRef = D8EC85FE1E0A77FA0044AE57 /* AYLayerEditorView.m */; };
		DD95E6CD548443FA6D34C52A /* libPods-PixelMill.a in Frameworks */ = {isa = PBXBuildFile; fileRef = 0029F26DEA0B9D8CA80A5A33 /* libPods-PixelMill.a */; };
/* End PBXBuildFile section */

/* Begin PBXContainerItemProxy section */
		D84825EA1E0125C9007FD9D3 /* PBXContainerItemProxy */ = {
			isa = PBXContainerItemProxy;
			containerPortal = D84825C81E0125C8007FD9D3 /* Project object */;
			proxyType = 1;
			remoteGlobalIDString = D84825CF1E0125C9007FD9D3;
			remoteInfo = PixelMill;
		};
		D84825F51E0125C9007FD9D3 /* PBXContainerItemProxy */ = {
			isa = PBXContainerItemProxy;
			containerPortal = D84825C81E0125C8007FD9D3 /* Project object */;
			proxyType = 1;
			remoteGlobalIDString = D84825CF1E0125C9007FD9D3;
			remoteInfo = PixelMill;
		};
/* End PBXContainerItemProxy section */

/* Begin PBXFileReference section */
		0029F26DEA0B9D8CA80A5A33 /* libPods-PixelMill.a */ = {isa = PBXFileReference; explicitFileType = archive.ar; includeInIndex = 0; path = "libPods-PixelMill.a"; sourceTree = BUILT_PRODUCTS_DIR; };
		3C280F5692F22B5057AC29D2 /* libPods-PixelMillUITests.a */ = {isa = PBXFileReference; explicitFileType = archive.ar; includeInIndex = 0; path = "libPods-PixelMillUITests.a"; sourceTree = BUILT_PRODUCTS_DIR; };
		50EDC56C6A9D487FE62FEB1C /* Pods-PixelMillUITests.release.xcconfig */ = {isa = PBXFileReference; includeInIndex = 1; lastKnownFileType = text.xcconfig; name = "Pods-PixelMillUITests.release.xcconfig"; path = "Pods/Target Support Files/Pods-PixelMillUITests/Pods-PixelMillUITests.release.xcconfig"; sourceTree = "<group>"; };
		7298EBB59E975A7FA0B0170E /* Pods-PixelMill.debug.xcconfig */ = {isa = PBXFileReference; includeInIndex = 1; lastKnownFileType = text.xcconfig; name = "Pods-PixelMill.debug.xcconfig"; path = "Pods/Target Support Files/Pods-PixelMill/Pods-PixelMill.debug.xcconfig"; sourceTree = "<group>"; };
		8CBCA05A4C54D73F45ACC0B5 /* Pods-PixelMill.release.xcconfig */ = {isa = PBXFileReference; includeInIndex = 1; lastKnownFileType = text.xcconfig; name = "Pods-PixelMill.release.xcconfig"; path = "Pods/Target Support Files/Pods-PixelMill/Pods-PixelMill.release.xcconfig"; sourceTree = "<group>"; };
		97C3B344EB0DA3EAC312633B /* Pods-PixelMillUITests.debug.xcconfig */ = {isa = PBXFileReference; includeInIndex = 1; lastKnownFileType = text.xcconfig; name = "Pods-PixelMillUITests.debug.xcconfig"; path = "Pods/Target Support Files/Pods-PixelMillUITests/Pods-PixelMillUITests.debug.xcconfig"; sourceTree = "<group>"; };
		AD9134440D2D3D097ED79E6D /* libPods-PixelMillTests.a */ = {isa = PBXFileReference; explicitFileType = archive.ar; includeInIndex = 0; path = "libPods-PixelMillTests.a"; sourceTree = BUILT_PRODUCTS_DIR; };
		B21442F67D3D8874CE0FA8C2 /* Pods-PixelMillTests.debug.xcconfig */ = {isa = PBXFileReference; includeInIndex = 1; lastKnownFileType = text.xcconfig; name = "Pods-PixelMillTests.debug.xcconfig"; path = "Pods/Target Support Files/Pods-PixelMillTests/Pods-PixelMillTests.debug.xcconfig"; sourceTree = "<group>"; };
		D8192ADE1E097CD8000CE4D1 /* AYCursorDrawView.h */ = {isa = PBXFileReference; fileEncoding = 4; lastKnownFileType = sourcecode.c.h; path = AYCursorDrawView.h; sourceTree = "<group>"; };
		D8192ADF1E097CD8000CE4D1 /* AYCursorDrawView.m */ = {isa = PBXFileReference; fileEncoding = 4; lastKnownFileType = sourcecode.c.objc; path = AYCursorDrawView.m; sourceTree = "<group>"; };
		D81C944B1E0D375D00D95616 /* AYColorPickerViewController.h */ = {isa = PBXFileReference; fileEncoding = 4; lastKnownFileType = sourcecode.c.h; path = AYColorPickerViewController.h; sourceTree = "<group>"; };
		D81C944C1E0D375D00D95616 /* AYColorPickerViewController.m */ = {isa = PBXFileReference; fileEncoding = 4; lastKnownFileType = sourcecode.c.objc; path = AYColorPickerViewController.m; sourceTree = "<group>"; };
		D829F7061E09526900622FDF /* AYDrawViewController.h */ = {isa = PBXFileReference; fileEncoding = 4; lastKnownFileType = sourcecode.c.h; path = AYDrawViewController.h; sourceTree = "<group>"; };
		D829F7071E09526900622FDF /* AYDrawViewController.m */ = {isa = PBXFileReference; fileEncoding = 4; lastKnownFileType = sourcecode.c.objc; path = AYDrawViewController.m; sourceTree = "<group>"; };
		D83E800D1E0830AC006B2B24 /* AYDrawView.m */ = {isa = PBXFileReference; fileEncoding = 4; lastKnownFileType = sourcecode.c.objc; path = AYDrawView.m; sourceTree = "<group>"; };
		D83E800E1E0830AC006B2B24 /* AYPixelAdapter.m */ = {isa = PBXFileReference; fileEncoding = 4; lastKnownFileType = sourcecode.c.objc; path = AYPixelAdapter.m; sourceTree = "<group>"; };
		D83E800F1E0830AC006B2B24 /* AYCanvas.m */ = {isa = PBXFileReference; fileEncoding = 4; lastKnownFileType = sourcecode.c.objc; path = AYCanvas.m; sourceTree = "<group>"; };
		D83E80101E0830AC006B2B24 /* AYCanvas.h */ = {isa = PBXFileReference; fileEncoding = 4; lastKnownFileType = sourcecode.c.h; path = AYCanvas.h; sourceTree = "<group>"; };
		D83E80131E0830AC006B2B24 /* AYDrawView.h */ = {isa = PBXFileReference; fileEncoding = 4; lastKnownFileType = sourcecode.c.h; path = AYDrawView.h; sourceTree = "<group>"; };
		D83E80141E0830AC006B2B24 /* AYPixelAdapter.h */ = {isa = PBXFileReference; fileEncoding = 4; lastKnownFileType = sourcecode.c.h; path = AYPixelAdapter.h; sourceTree = "<group>"; };
		D845D2B91E095DCF00754646 /* AYSwipeToolBarView.h */ = {isa = PBXFileReference; fileEncoding = 4; lastKnownFileType = sourcecode.c.h; path = AYSwipeToolBarView.h; sourceTree = "<group>"; };
		D845D2BA1E095DCF00754646 /* AYSwipeToolBarView.m */ = {isa = PBXFileReference; fileEncoding = 4; lastKnownFileType = sourcecode.c.objc; path = AYSwipeToolBarView.m; sourceTree = "<group>"; };
		D8468ECE1E03A6AC0086F173 /* UIColor+colorWithInt.h */ = {isa = PBXFileReference; fileEncoding = 4; lastKnownFileType = sourcecode.c.h; path = "UIColor+colorWithInt.h"; sourceTree = "<group>"; };
		D8468ECF1E03A6AC0086F173 /* UIColor+colorWithInt.m */ = {isa = PBXFileReference; fileEncoding = 4; lastKnownFileType = sourcecode.c.objc; path = "UIColor+colorWithInt.m"; sourceTree = "<group>"; };
		D8468ED11E03EE430086F173 /* PIXEL.TTF */ = {isa = PBXFileReference; lastKnownFileType = file; path = PIXEL.TTF; sourceTree = "<group>"; };
		D84825D01E0125C9007FD9D3 /* PixelMill.app */ = {isa = PBXFileReference; explicitFileType = wrapper.application; includeInIndex = 0; path = PixelMill.app; sourceTree = BUILT_PRODUCTS_DIR; };
		D84825D41E0125C9007FD9D3 /* main.m */ = {isa = PBXFileReference; lastKnownFileType = sourcecode.c.objc; path = main.m; sourceTree = "<group>"; };
		D84825D61E0125C9007FD9D3 /* AppDelegate.h */ = {isa = PBXFileReference; lastKnownFileType = sourcecode.c.h; path = AppDelegate.h; sourceTree = "<group>"; };
		D84825D71E0125C9007FD9D3 /* AppDelegate.m */ = {isa = PBXFileReference; lastKnownFileType = sourcecode.c.objc; path = AppDelegate.m; sourceTree = "<group>"; };
		D84825D91E0125C9007FD9D3 /* ViewController.h */ = {isa = PBXFileReference; lastKnownFileType = sourcecode.c.h; path = ViewController.h; sourceTree = "<group>"; };
		D84825DA1E0125C9007FD9D3 /* ViewController.m */ = {isa = PBXFileReference; lastKnownFileType = sourcecode.c.objc; path = ViewController.m; sourceTree = "<group>"; };
		D84825DD1E0125C9007FD9D3 /* Base */ = {isa = PBXFileReference; lastKnownFileType = file.storyboard; name = Base; path = Base.lproj/Main.storyboard; sourceTree = "<group>"; };
		D84825E21E0125C9007FD9D3 /* Base */ = {isa = PBXFileReference; lastKnownFileType = file.storyboard; name = Base; path = Base.lproj/LaunchScreen.storyboard; sourceTree = "<group>"; };
		D84825E41E0125C9007FD9D3 /* Info.plist */ = {isa = PBXFileReference; lastKnownFileType = text.plist.xml; path = Info.plist; sourceTree = "<group>"; };
		D84825E91E0125C9007FD9D3 /* PixelMillTests.xctest */ = {isa = PBXFileReference; explicitFileType = wrapper.cfbundle; includeInIndex = 0; path = PixelMillTests.xctest; sourceTree = BUILT_PRODUCTS_DIR; };
		D84825ED1E0125C9007FD9D3 /* PixelMillTests.m */ = {isa = PBXFileReference; lastKnownFileType = sourcecode.c.objc; path = PixelMillTests.m; sourceTree = "<group>"; };
		D84825EF1E0125C9007FD9D3 /* Info.plist */ = {isa = PBXFileReference; lastKnownFileType = text.plist.xml; path = Info.plist; sourceTree = "<group>"; };
		D84825F41E0125C9007FD9D3 /* PixelMillUITests.xctest */ = {isa = PBXFileReference; explicitFileType = wrapper.cfbundle; includeInIndex = 0; path = PixelMillUITests.xctest; sourceTree = BUILT_PRODUCTS_DIR; };
		D84825F81E0125C9007FD9D3 /* PixelMillUITests.m */ = {isa = PBXFileReference; lastKnownFileType = sourcecode.c.objc; path = PixelMillUITests.m; sourceTree = "<group>"; };
		D84825FA1E0125C9007FD9D3 /* Info.plist */ = {isa = PBXFileReference; lastKnownFileType = text.plist.xml; path = Info.plist; sourceTree = "<group>"; };
		D8580DA61E02A12E009648ED /* AYTabBarController.h */ = {isa = PBXFileReference; fileEncoding = 4; lastKnownFileType = sourcecode.c.h; path = AYTabBarController.h; sourceTree = "<group>"; };
		D8580DA71E02A12E009648ED /* AYTabBarController.m */ = {isa = PBXFileReference; fileEncoding = 4; lastKnownFileType = sourcecode.c.objc; path = AYTabBarController.m; sourceTree = "<group>"; };
		D8580DA91E02A9FE009648ED /* AYNavigationController.h */ = {isa = PBXFileReference; fileEncoding = 4; lastKnownFileType = sourcecode.c.h; path = AYNavigationController.h; sourceTree = "<group>"; };
		D8580DAA1E02A9FE009648ED /* AYNavigationController.m */ = {isa = PBXFileReference; fileEncoding = 4; lastKnownFileType = sourcecode.c.objc; path = AYNavigationController.m; sourceTree = "<group>"; };
		D8580DAC1E02AAEB009648ED /* AYBaseViewController.h */ = {isa = PBXFileReference; fileEncoding = 4; lastKnownFileType = sourcecode.c.h; path = AYBaseViewController.h; sourceTree = "<group>"; };
		D8580DAD1E02AAEB009648ED /* AYBaseViewController.m */ = {isa = PBXFileReference; fileEncoding = 4; lastKnownFileType = sourcecode.c.objc; path = AYBaseViewController.m; sourceTree = "<group>"; };
		D8580DAF1E02AB14009648ED /* AYExploreController.h */ = {isa = PBXFileReference; fileEncoding = 4; lastKnownFileType = sourcecode.c.h; path = AYExploreController.h; sourceTree = "<group>"; };
		D8580DB01E02AB14009648ED /* AYExploreController.m */ = {isa = PBXFileReference; fileEncoding = 4; lastKnownFileType = sourcecode.c.objc; path = AYExploreController.m; sourceTree = "<group>"; };
		D8580DB21E02AB27009648ED /* AYMessageController.h */ = {isa = PBXFileReference; fileEncoding = 4; lastKnownFileType = sourcecode.c.h; path = AYMessageController.h; sourceTree = "<group>"; };
		D8580DB31E02AB27009648ED /* AYMessageController.m */ = {isa = PBXFileReference; fileEncoding = 4; lastKnownFileType = sourcecode.c.objc; path = AYMessageController.m; sourceTree = "<group>"; };
		D8580DB51E02AB34009648ED /* AYMeController.h */ = {isa = PBXFileReference; fileEncoding = 4; lastKnownFileType = sourcecode.c.h; path = AYMeController.h; sourceTree = "<group>"; };
		D8580DB61E02AB34009648ED /* AYMeController.m */ = {isa = PBXFileReference; fileEncoding = 4; lastKnownFileType = sourcecode.c.objc; path = AYMeController.m; sourceTree = "<group>"; };
		D8580DBA1E02B490009648ED /* AYDrawController1.h */ = {isa = PBXFileReference; fileEncoding = 4; lastKnownFileType = sourcecode.c.h; path = AYDrawController1.h; sourceTree = "<group>"; };
		D8580DBB1E02B490009648ED /* AYDrawController1.m */ = {isa = PBXFileReference; fileEncoding = 4; lastKnownFileType = sourcecode.c.objc; path = AYDrawController1.m; sourceTree = "<group>"; };
		D88257121E0EDB7000586C8E /* Assets.xcassets */ = {isa = PBXFileReference; lastKnownFileType = folder.assetcatalog; path = Assets.xcassets; sourceTree = "<group>"; };
		D88DC06C1E02E62000C32C81 /* AYLoginViewController.h */ = {isa = PBXFileReference; fileEncoding = 4; lastKnownFileType = sourcecode.c.h; path = AYLoginViewController.h; sourceTree = "<group>"; };
		D88DC06D1E02E62000C32C81 /* AYLoginViewController.m */ = {isa = PBXFileReference; fileEncoding = 4; lastKnownFileType = sourcecode.c.objc; path = AYLoginViewController.m; sourceTree = "<group>"; };
		D88DC0701E02EF7400C32C81 /* AYPopupWindow.h */ = {isa = PBXFileReference; fileEncoding = 4; lastKnownFileType = sourcecode.c.h; path = AYPopupWindow.h; sourceTree = "<group>"; };
		D88DC0711E02EF7400C32C81 /* AYPopupWindow.m */ = {isa = PBXFileReference; fileEncoding = 4; lastKnownFileType = sourcecode.c.objc; path = AYPopupWindow.m; sourceTree = "<group>"; };
		D88DC0751E0301A600C32C81 /* AYUnderLineTextField.h */ = {isa = PBXFileReference; fileEncoding = 4; lastKnownFileType = sourcecode.c.h; path = AYUnderLineTextField.h; sourceTree = "<group>"; };
		D88DC0761E0301A600C32C81 /* AYUnderLineTextField.m */ = {isa = PBXFileReference; fileEncoding = 4; lastKnownFileType = sourcecode.c.objc; path = AYUnderLineTextField.m; sourceTree = "<group>"; };
		D8BDFCE51E06EA86006C562B /* AYPublicHeader.h */ = {isa = PBXFileReference; lastKnownFileType = sourcecode.c.h; path = AYPublicHeader.h; sourceTree = "<group>"; };
		D8E5EA6C1E0A45B600CF3CC5 /* AYLayerViewController.h */ = {isa = PBXFileReference; fileEncoding = 4; lastKnownFileType = sourcecode.c.h; path = AYLayerViewController.h; sourceTree = "<group>"; };
		D8E5EA6D1E0A45B600CF3CC5 /* AYLayerViewController.m */ = {isa = PBXFileReference; fileEncoding = 4; lastKnownFileType = sourcecode.c.objc; path = AYLayerViewController.m; sourceTree = "<group>"; };
		D8EC85FA1E0A5A6B0044AE57 /* AYLayerTableViewCell.h */ = {isa = PBXFileReference; fileEncoding = 4; lastKnownFileType = sourcecode.c.h; path = AYLayerTableViewCell.h; sourceTree = "<group>"; };
		D8EC85FB1E0A5A6B0044AE57 /* AYLayerTableViewCell.m */ = {isa = PBXFileReference; fileEncoding = 4; lastKnownFileType = sourcecode.c.objc; path = AYLayerTableViewCell.m; sourceTree = "<group>"; };
		D8EC85FD1E0A77FA0044AE57 /* AYLayerEditorView.h */ = {isa = PBXFileReference; fileEncoding = 4; lastKnownFileType = sourcecode.c.h; path = AYLayerEditorView.h; sourceTree = "<group>"; };
		D8EC85FE1E0A77FA0044AE57 /* AYLayerEditorView.m */ = {isa = PBXFileReference; fileEncoding = 4; lastKnownFileType = sourcecode.c.objc; path = AYLayerEditorView.m; sourceTree = "<group>"; };
		E73BA7D9D9E8B58716F146B6 /* Pods-PixelMillTests.release.xcconfig */ = {isa = PBXFileReference; includeInIndex = 1; lastKnownFileType = text.xcconfig; name = "Pods-PixelMillTests.release.xcconfig"; path = "Pods/Target Support Files/Pods-PixelMillTests/Pods-PixelMillTests.release.xcconfig"; sourceTree = "<group>"; };
/* End PBXFileReference section */

/* Begin PBXFrameworksBuildPhase section */
		D84825CD1E0125C9007FD9D3 /* Frameworks */ = {
			isa = PBXFrameworksBuildPhase;
			buildActionMask = 2147483647;
			files = (
				DD95E6CD548443FA6D34C52A /* libPods-PixelMill.a in Frameworks */,
			);
			runOnlyForDeploymentPostprocessing = 0;
		};
		D84825E61E0125C9007FD9D3 /* Frameworks */ = {
			isa = PBXFrameworksBuildPhase;
			buildActionMask = 2147483647;
			files = (
				BF9E581C45C00CC8FA783A33 /* libPods-PixelMillTests.a in Frameworks */,
			);
			runOnlyForDeploymentPostprocessing = 0;
		};
		D84825F11E0125C9007FD9D3 /* Frameworks */ = {
			isa = PBXFrameworksBuildPhase;
			buildActionMask = 2147483647;
			files = (
				0C3C3F9C31872D61C43967A0 /* libPods-PixelMillUITests.a in Frameworks */,
			);
			runOnlyForDeploymentPostprocessing = 0;
		};
/* End PBXFrameworksBuildPhase section */

/* Begin PBXGroup section */
		8DB501EC0D7A058A0946760B /* Frameworks */ = {
			isa = PBXGroup;
			children = (
				0029F26DEA0B9D8CA80A5A33 /* libPods-PixelMill.a */,
				AD9134440D2D3D097ED79E6D /* libPods-PixelMillTests.a */,
				3C280F5692F22B5057AC29D2 /* libPods-PixelMillUITests.a */,
			);
			name = Frameworks;
			sourceTree = "<group>";
		};
		B4E3DE3A50BB54B2CA5CC47F /* Pods */ = {
			isa = PBXGroup;
			children = (
				7298EBB59E975A7FA0B0170E /* Pods-PixelMill.debug.xcconfig */,
				8CBCA05A4C54D73F45ACC0B5 /* Pods-PixelMill.release.xcconfig */,
				B21442F67D3D8874CE0FA8C2 /* Pods-PixelMillTests.debug.xcconfig */,
				E73BA7D9D9E8B58716F146B6 /* Pods-PixelMillTests.release.xcconfig */,
				97C3B344EB0DA3EAC312633B /* Pods-PixelMillUITests.debug.xcconfig */,
				50EDC56C6A9D487FE62FEB1C /* Pods-PixelMillUITests.release.xcconfig */,
			);
			name = Pods;
			sourceTree = "<group>";
		};
		D83E800C1E08309D006B2B24 /* DrawBoard */ = {
			isa = PBXGroup;
			children = (
				D83E80141E0830AC006B2B24 /* AYPixelAdapter.h */,
				D83E800E1E0830AC006B2B24 /* AYPixelAdapter.m */,
				D83E80101E0830AC006B2B24 /* AYCanvas.h */,
				D83E800F1E0830AC006B2B24 /* AYCanvas.m */,
				D83E80131E0830AC006B2B24 /* AYDrawView.h */,
				D83E800D1E0830AC006B2B24 /* AYDrawView.m */,
				D8192ADE1E097CD8000CE4D1 /* AYCursorDrawView.h */,
				D8192ADF1E097CD8000CE4D1 /* AYCursorDrawView.m */,
			);
			name = DrawBoard;
			sourceTree = "<group>";
		};
		D8468ECD1E03A6150086F173 /* Category */ = {
			isa = PBXGroup;
			children = (
				D8468ECE1E03A6AC0086F173 /* UIColor+colorWithInt.h */,
				D8468ECF1E03A6AC0086F173 /* UIColor+colorWithInt.m */,
			);
			name = Category;
			sourceTree = "<group>";
		};
		D84825C71E0125C8007FD9D3 = {
			isa = PBXGroup;
			children = (
				D84825D21E0125C9007FD9D3 /* PixelMill */,
				D84825EC1E0125C9007FD9D3 /* PixelMillTests */,
				D84825F71E0125C9007FD9D3 /* PixelMillUITests */,
				D84825D11E0125C9007FD9D3 /* Products */,
				B4E3DE3A50BB54B2CA5CC47F /* Pods */,
				8DB501EC0D7A058A0946760B /* Frameworks */,
			);
			sourceTree = "<group>";
		};
		D84825D11E0125C9007FD9D3 /* Products */ = {
			isa = PBXGroup;
			children = (
				D84825D01E0125C9007FD9D3 /* PixelMill.app */,
				D84825E91E0125C9007FD9D3 /* PixelMillTests.xctest */,
				D84825F41E0125C9007FD9D3 /* PixelMillUITests.xctest */,
			);
			name = Products;
			sourceTree = "<group>";
		};
		D84825D21E0125C9007FD9D3 /* PixelMill */ = {
			isa = PBXGroup;
			children = (
				D8580DB81E02B42F009648ED /* NEW */,
				D8580D971E029FA9009648ED /* EXPLORE */,
				D8580DA21E02A079009648ED /* MESSAGE */,
				D8580D981E02A004009648ED /* ME */,
				D8580D961E029E91009648ED /* COMMON */,
				D84825D61E0125C9007FD9D3 /* AppDelegate.h */,
				D84825D71E0125C9007FD9D3 /* AppDelegate.m */,
				D84825D91E0125C9007FD9D3 /* ViewController.h */,
				D84825DA1E0125C9007FD9D3 /* ViewController.m */,
				D84825DC1E0125C9007FD9D3 /* Main.storyboard */,
				D84825E11E0125C9007FD9D3 /* LaunchScreen.storyboard */,
				D84825E41E0125C9007FD9D3 /* Info.plist */,
				D88257121E0EDB7000586C8E /* Assets.xcassets */,
				D84825D31E0125C9007FD9D3 /* Supporting Files */,
			);
			path = PixelMill;
			sourceTree = "<group>";
		};
		D84825D31E0125C9007FD9D3 /* Supporting Files */ = {
			isa = PBXGroup;
			children = (
				D8468ED11E03EE430086F173 /* PIXEL.TTF */,
				D84825D41E0125C9007FD9D3 /* main.m */,
			);
			name = "Supporting Files";
			sourceTree = "<group>";
		};
		D84825EC1E0125C9007FD9D3 /* PixelMillTests */ = {
			isa = PBXGroup;
			children = (
				D84825ED1E0125C9007FD9D3 /* PixelMillTests.m */,
				D84825EF1E0125C9007FD9D3 /* Info.plist */,
			);
			path = PixelMillTests;
			sourceTree = "<group>";
		};
		D84825F71E0125C9007FD9D3 /* PixelMillUITests */ = {
			isa = PBXGroup;
			children = (
				D84825F81E0125C9007FD9D3 /* PixelMillUITests.m */,
				D84825FA1E0125C9007FD9D3 /* Info.plist */,
			);
			path = PixelMillUITests;
			sourceTree = "<group>";
		};
		D8580D961E029E91009648ED /* COMMON */ = {
			isa = PBXGroup;
			children = (
				D8468ECD1E03A6150086F173 /* Category */,
				D8580D9E1E02A038009648ED /* Controller */,
				D8580D9D1E02A034009648ED /* View */,
				D8580D9C1E02A02E009648ED /* Model */,
				D8BDFCE51E06EA86006C562B /* AYPublicHeader.h */,
			);
			name = COMMON;
			sourceTree = "<group>";
		};
		D8580D971E029FA9009648ED /* EXPLORE */ = {
			isa = PBXGroup;
			children = (
				D8580D9B1E02A018009648ED /* Model */,
				D8580D9A1E02A013009648ED /* View */,
				D8580D991E02A00B009648ED /* Controller */,
			);
			name = EXPLORE;
			sourceTree = "<group>";
		};
		D8580D981E02A004009648ED /* ME */ = {
			isa = PBXGroup;
			children = (
				D8580DA11E02A049009648ED /* Controller */,
				D8580DA01E02A044009648ED /* View */,
				D8580D9F1E02A03F009648ED /* Model */,
			);
			name = ME;
			sourceTree = "<group>";
		};
		D8580D991E02A00B009648ED /* Controller */ = {
			isa = PBXGroup;
			children = (
				D8580DAF1E02AB14009648ED /* AYExploreController.h */,
				D8580DB01E02AB14009648ED /* AYExploreController.m */,
			);
			name = Controller;
			sourceTree = "<group>";
		};
		D8580D9A1E02A013009648ED /* View */ = {
			isa = PBXGroup;
			children = (
			);
			name = View;
			sourceTree = "<group>";
		};
		D8580D9B1E02A018009648ED /* Model */ = {
			isa = PBXGroup;
			children = (
			);
			name = Model;
			sourceTree = "<group>";
		};
		D8580D9C1E02A02E009648ED /* Model */ = {
			isa = PBXGroup;
			children = (
			);
			name = Model;
			sourceTree = "<group>";
		};
		D8580D9D1E02A034009648ED /* View */ = {
			isa = PBXGroup;
			children = (
				D83E800C1E08309D006B2B24 /* DrawBoard */,
				D88DC0701E02EF7400C32C81 /* AYPopupWindow.h */,
				D88DC0711E02EF7400C32C81 /* AYPopupWindow.m */,
				D88DC0751E0301A600C32C81 /* AYUnderLineTextField.h */,
				D88DC0761E0301A600C32C81 /* AYUnderLineTextField.m */,
				D845D2B91E095DCF00754646 /* AYSwipeToolBarView.h */,
				D845D2BA1E095DCF00754646 /* AYSwipeToolBarView.m */,
			);
			name = View;
			sourceTree = "<group>";
		};
		D8580D9E1E02A038009648ED /* Controller */ = {
			isa = PBXGroup;
			children = (
				D8580DA61E02A12E009648ED /* AYTabBarController.h */,
				D8580DA71E02A12E009648ED /* AYTabBarController.m */,
				D8580DA91E02A9FE009648ED /* AYNavigationController.h */,
				D8580DAA1E02A9FE009648ED /* AYNavigationController.m */,
				D8580DAC1E02AAEB009648ED /* AYBaseViewController.h */,
				D8580DAD1E02AAEB009648ED /* AYBaseViewController.m */,
				D88DC06C1E02E62000C32C81 /* AYLoginViewController.h */,
				D88DC06D1E02E62000C32C81 /* AYLoginViewController.m */,
			);
			name = Controller;
			sourceTree = "<group>";
		};
		D8580D9F1E02A03F009648ED /* Model */ = {
			isa = PBXGroup;
			children = (
			);
			name = Model;
			sourceTree = "<group>";
		};
		D8580DA01E02A044009648ED /* View */ = {
			isa = PBXGroup;
			children = (
			);
			name = View;
			sourceTree = "<group>";
		};
		D8580DA11E02A049009648ED /* Controller */ = {
			isa = PBXGroup;
			children = (
				D8580DB51E02AB34009648ED /* AYMeController.h */,
				D8580DB61E02AB34009648ED /* AYMeController.m */,
			);
			name = Controller;
			sourceTree = "<group>";
		};
		D8580DA21E02A079009648ED /* MESSAGE */ = {
			isa = PBXGroup;
			children = (
				D8580DA51E02A0A2009648ED /* Model */,
				D8580DA41E02A09A009648ED /* View */,
				D8580DA31E02A094009648ED /* Controlle */,
			);
			name = MESSAGE;
			sourceTree = "<group>";
		};
		D8580DA31E02A094009648ED /* Controlle */ = {
			isa = PBXGroup;
			children = (
				D8580DB21E02AB27009648ED /* AYMessageController.h */,
				D8580DB31E02AB27009648ED /* AYMessageController.m */,
			);
			name = Controlle;
			sourceTree = "<group>";
		};
		D8580DA41E02A09A009648ED /* View */ = {
			isa = PBXGroup;
			children = (
			);
			name = View;
			sourceTree = "<group>";
		};
		D8580DA51E02A0A2009648ED /* Model */ = {
			isa = PBXGroup;
			children = (
			);
			name = Model;
			sourceTree = "<group>";
		};
		D8580DB81E02B42F009648ED /* NEW */ = {
			isa = PBXGroup;
			children = (
				D8EC85F91E0A5A480044AE57 /* View */,
				D8580DB91E02B437009648ED /* Controller */,
			);
			name = NEW;
			sourceTree = "<group>";
		};
		D8580DB91E02B437009648ED /* Controller */ = {
			isa = PBXGroup;
			children = (
				D8580DBA1E02B490009648ED /* AYDrawController1.h */,
				D8580DBB1E02B490009648ED /* AYDrawController1.m */,
				D829F7061E09526900622FDF /* AYDrawViewController.h */,
				D829F7071E09526900622FDF /* AYDrawViewController.m */,
				D8E5EA6C1E0A45B600CF3CC5 /* AYLayerViewController.h */,
				D8E5EA6D1E0A45B600CF3CC5 /* AYLayerViewController.m */,
				D81C944B1E0D375D00D95616 /* AYColorPickerViewController.h */,
				D81C944C1E0D375D00D95616 /* AYColorPickerViewController.m */,
			);
			name = Controller;
			sourceTree = "<group>";
		};
		D8EC85F91E0A5A480044AE57 /* View */ = {
			isa = PBXGroup;
			children = (
				D8EC85FA1E0A5A6B0044AE57 /* AYLayerTableViewCell.h */,
				D8EC85FB1E0A5A6B0044AE57 /* AYLayerTableViewCell.m */,
				D8EC85FD1E0A77FA0044AE57 /* AYLayerEditorView.h */,
				D8EC85FE1E0A77FA0044AE57 /* AYLayerEditorView.m */,
			);
			name = View;
			sourceTree = "<group>";
		};
/* End PBXGroup section */

/* Begin PBXNativeTarget section */
		D84825CF1E0125C9007FD9D3 /* PixelMill */ = {
			isa = PBXNativeTarget;
			buildConfigurationList = D84825FD1E0125C9007FD9D3 /* Build configuration list for PBXNativeTarget "PixelMill" */;
			buildPhases = (
				1FD8716E389968FF9A543BF8 /* [CP] Check Pods Manifest.lock */,
				D84825CC1E0125C9007FD9D3 /* Sources */,
				D84825CD1E0125C9007FD9D3 /* Frameworks */,
				D84825CE1E0125C9007FD9D3 /* Resources */,
				DF42F1903CE8C62F091DFE25 /* [CP] Embed Pods Frameworks */,
				4D8F50A935ECB590F1B2521C /* [CP] Copy Pods Resources */,
			);
			buildRules = (
			);
			dependencies = (
			);
			name = PixelMill;
			productName = PixelMill;
			productReference = D84825D01E0125C9007FD9D3 /* PixelMill.app */;
			productType = "com.apple.product-type.application";
		};
		D84825E81E0125C9007FD9D3 /* PixelMillTests */ = {
			isa = PBXNativeTarget;
			buildConfigurationList = D84826001E0125C9007FD9D3 /* Build configuration list for PBXNativeTarget "PixelMillTests" */;
			buildPhases = (
				39CA0C4DF95F6CBDC5C9AC63 /* [CP] Check Pods Manifest.lock */,
				D84825E51E0125C9007FD9D3 /* Sources */,
				D84825E61E0125C9007FD9D3 /* Frameworks */,
				D84825E71E0125C9007FD9D3 /* Resources */,
				A9C83F9A82894000ECF52ED3 /* [CP] Embed Pods Frameworks */,
				CBE5F07BAE3555F3814FE278 /* [CP] Copy Pods Resources */,
			);
			buildRules = (
			);
			dependencies = (
				D84825EB1E0125C9007FD9D3 /* PBXTargetDependency */,
			);
			name = PixelMillTests;
			productName = PixelMillTests;
			productReference = D84825E91E0125C9007FD9D3 /* PixelMillTests.xctest */;
			productType = "com.apple.product-type.bundle.unit-test";
		};
		D84825F31E0125C9007FD9D3 /* PixelMillUITests */ = {
			isa = PBXNativeTarget;
			buildConfigurationList = D84826031E0125C9007FD9D3 /* Build configuration list for PBXNativeTarget "PixelMillUITests" */;
			buildPhases = (
				D7D9300807266C9979DD0070 /* [CP] Check Pods Manifest.lock */,
				D84825F01E0125C9007FD9D3 /* Sources */,
				D84825F11E0125C9007FD9D3 /* Frameworks */,
				D84825F21E0125C9007FD9D3 /* Resources */,
				34C9ABA6C964494FADDBE72F /* [CP] Embed Pods Frameworks */,
				E48457EC4794A47E72C89B7B /* [CP] Copy Pods Resources */,
			);
			buildRules = (
			);
			dependencies = (
				D84825F61E0125C9007FD9D3 /* PBXTargetDependency */,
			);
			name = PixelMillUITests;
			productName = PixelMillUITests;
			productReference = D84825F41E0125C9007FD9D3 /* PixelMillUITests.xctest */;
			productType = "com.apple.product-type.bundle.ui-testing";
		};
/* End PBXNativeTarget section */

/* Begin PBXProject section */
		D84825C81E0125C8007FD9D3 /* Project object */ = {
			isa = PBXProject;
			attributes = {
				LastUpgradeCheck = 0820;
				ORGANIZATIONNAME = tygogo;
				TargetAttributes = {
					D84825CF1E0125C9007FD9D3 = {
						CreatedOnToolsVersion = 8.1;
						DevelopmentTeam = 3Q2KCLD6NT;
						ProvisioningStyle = Automatic;
					};
					D84825E81E0125C9007FD9D3 = {
						CreatedOnToolsVersion = 8.1;
						DevelopmentTeam = 3Q2KCLD6NT;
						ProvisioningStyle = Automatic;
						TestTargetID = D84825CF1E0125C9007FD9D3;
					};
					D84825F31E0125C9007FD9D3 = {
						CreatedOnToolsVersion = 8.1;
						DevelopmentTeam = 3Q2KCLD6NT;
						ProvisioningStyle = Automatic;
						TestTargetID = D84825CF1E0125C9007FD9D3;
					};
				};
			};
			buildConfigurationList = D84825CB1E0125C8007FD9D3 /* Build configuration list for PBXProject "PixelMill" */;
			compatibilityVersion = "Xcode 3.2";
			developmentRegion = English;
			hasScannedForEncodings = 0;
			knownRegions = (
				en,
				Base,
			);
			mainGroup = D84825C71E0125C8007FD9D3;
			productRefGroup = D84825D11E0125C9007FD9D3 /* Products */;
			projectDirPath = "";
			projectRoot = "";
			targets = (
				D84825CF1E0125C9007FD9D3 /* PixelMill */,
				D84825E81E0125C9007FD9D3 /* PixelMillTests */,
				D84825F31E0125C9007FD9D3 /* PixelMillUITests */,
			);
		};
/* End PBXProject section */

/* Begin PBXResourcesBuildPhase section */
		D84825CE1E0125C9007FD9D3 /* Resources */ = {
			isa = PBXResourcesBuildPhase;
			buildActionMask = 2147483647;
			files = (
				D8468ED21E03EEAB0086F173 /* PIXEL.TTF in Resources */,
				D84825E31E0125C9007FD9D3 /* LaunchScreen.storyboard in Resources */,
				D88257131E0EDB7000586C8E /* Assets.xcassets in Resources */,
				D84825DE1E0125C9007FD9D3 /* Main.storyboard in Resources */,
			);
			runOnlyForDeploymentPostprocessing = 0;
		};
		D84825E71E0125C9007FD9D3 /* Resources */ = {
			isa = PBXResourcesBuildPhase;
			buildActionMask = 2147483647;
			files = (
			);
			runOnlyForDeploymentPostprocessing = 0;
		};
		D84825F21E0125C9007FD9D3 /* Resources */ = {
			isa = PBXResourcesBuildPhase;
			buildActionMask = 2147483647;
			files = (
			);
			runOnlyForDeploymentPostprocessing = 0;
		};
/* End PBXResourcesBuildPhase section */

/* Begin PBXShellScriptBuildPhase section */
		1FD8716E389968FF9A543BF8 /* [CP] Check Pods Manifest.lock */ = {
			isa = PBXShellScriptBuildPhase;
			buildActionMask = 2147483647;
			files = (
			);
			inputPaths = (
			);
			name = "[CP] Check Pods Manifest.lock";
			outputPaths = (
			);
			runOnlyForDeploymentPostprocessing = 0;
			shellPath = /bin/sh;
			shellScript = "diff \"${PODS_ROOT}/../Podfile.lock\" \"${PODS_ROOT}/Manifest.lock\" > /dev/null\nif [ $? != 0 ] ; then\n    # print error to STDERR\n    echo \"error: The sandbox is not in sync with the Podfile.lock. Run 'pod install' or update your CocoaPods installation.\" >&2\n    exit 1\nfi\n";
			showEnvVarsInLog = 0;
		};
		34C9ABA6C964494FADDBE72F /* [CP] Embed Pods Frameworks */ = {
			isa = PBXShellScriptBuildPhase;
			buildActionMask = 2147483647;
			files = (
			);
			inputPaths = (
			);
			name = "[CP] Embed Pods Frameworks";
			outputPaths = (
			);
			runOnlyForDeploymentPostprocessing = 0;
			shellPath = /bin/sh;
			shellScript = "\"${SRCROOT}/Pods/Target Support Files/Pods-PixelMillUITests/Pods-PixelMillUITests-frameworks.sh\"\n";
			showEnvVarsInLog = 0;
		};
		39CA0C4DF95F6CBDC5C9AC63 /* [CP] Check Pods Manifest.lock */ = {
			isa = PBXShellScriptBuildPhase;
			buildActionMask = 2147483647;
			files = (
			);
			inputPaths = (
			);
			name = "[CP] Check Pods Manifest.lock";
			outputPaths = (
			);
			runOnlyForDeploymentPostprocessing = 0;
			shellPath = /bin/sh;
			shellScript = "diff \"${PODS_ROOT}/../Podfile.lock\" \"${PODS_ROOT}/Manifest.lock\" > /dev/null\nif [ $? != 0 ] ; then\n    # print error to STDERR\n    echo \"error: The sandbox is not in sync with the Podfile.lock. Run 'pod install' or update your CocoaPods installation.\" >&2\n    exit 1\nfi\n";
			showEnvVarsInLog = 0;
		};
		4D8F50A935ECB590F1B2521C /* [CP] Copy Pods Resources */ = {
			isa = PBXShellScriptBuildPhase;
			buildActionMask = 2147483647;
			files = (
			);
			inputPaths = (
			);
			name = "[CP] Copy Pods Resources";
			outputPaths = (
			);
			runOnlyForDeploymentPostprocessing = 0;
			shellPath = /bin/sh;
			shellScript = "\"${SRCROOT}/Pods/Target Support Files/Pods-PixelMill/Pods-PixelMill-resources.sh\"\n";
			showEnvVarsInLog = 0;
		};
		A9C83F9A82894000ECF52ED3 /* [CP] Embed Pods Frameworks */ = {
			isa = PBXShellScriptBuildPhase;
			buildActionMask = 2147483647;
			files = (
			);
			inputPaths = (
			);
			name = "[CP] Embed Pods Frameworks";
			outputPaths = (
			);
			runOnlyForDeploymentPostprocessing = 0;
			shellPath = /bin/sh;
			shellScript = "\"${SRCROOT}/Pods/Target Support Files/Pods-PixelMillTests/Pods-PixelMillTests-frameworks.sh\"\n";
			showEnvVarsInLog = 0;
		};
		CBE5F07BAE3555F3814FE278 /* [CP] Copy Pods Resources */ = {
			isa = PBXShellScriptBuildPhase;
			buildActionMask = 2147483647;
			files = (
			);
			inputPaths = (
			);
			name = "[CP] Copy Pods Resources";
			outputPaths = (
			);
			runOnlyForDeploymentPostprocessing = 0;
			shellPath = /bin/sh;
			shellScript = "\"${SRCROOT}/Pods/Target Support Files/Pods-PixelMillTests/Pods-PixelMillTests-resources.sh\"\n";
			showEnvVarsInLog = 0;
		};
		D7D9300807266C9979DD0070 /* [CP] Check Pods Manifest.lock */ = {
			isa = PBXShellScriptBuildPhase;
			buildActionMask = 2147483647;
			files = (
			);
			inputPaths = (
			);
			name = "[CP] Check Pods Manifest.lock";
			outputPaths = (
			);
			runOnlyForDeploymentPostprocessing = 0;
			shellPath = /bin/sh;
			shellScript = "diff \"${PODS_ROOT}/../Podfile.lock\" \"${PODS_ROOT}/Manifest.lock\" > /dev/null\nif [ $? != 0 ] ; then\n    # print error to STDERR\n    echo \"error: The sandbox is not in sync with the Podfile.lock. Run 'pod install' or update your CocoaPods installation.\" >&2\n    exit 1\nfi\n";
			showEnvVarsInLog = 0;
		};
		DF42F1903CE8C62F091DFE25 /* [CP] Embed Pods Frameworks */ = {
			isa = PBXShellScriptBuildPhase;
			buildActionMask = 2147483647;
			files = (
			);
			inputPaths = (
			);
			name = "[CP] Embed Pods Frameworks";
			outputPaths = (
			);
			runOnlyForDeploymentPostprocessing = 0;
			shellPath = /bin/sh;
			shellScript = "\"${SRCROOT}/Pods/Target Support Files/Pods-PixelMill/Pods-PixelMill-frameworks.sh\"\n";
			showEnvVarsInLog = 0;
		};
		E48457EC4794A47E72C89B7B /* [CP] Copy Pods Resources */ = {
			isa = PBXShellScriptBuildPhase;
			buildActionMask = 2147483647;
			files = (
			);
			inputPaths = (
			);
			name = "[CP] Copy Pods Resources";
			outputPaths = (
			);
			runOnlyForDeploymentPostprocessing = 0;
			shellPath = /bin/sh;
			shellScript = "\"${SRCROOT}/Pods/Target Support Files/Pods-PixelMillUITests/Pods-PixelMillUITests-resources.sh\"\n";
			showEnvVarsInLog = 0;
		};
/* End PBXShellScriptBuildPhase section */

/* Begin PBXSourcesBuildPhase section */
		D84825CC1E0125C9007FD9D3 /* Sources */ = {
			isa = PBXSourcesBuildPhase;
			buildActionMask = 2147483647;
			files = (
				D8192AE01E097CD8000CE4D1 /* AYCursorDrawView.m in Sources */,
				D8580DA81E02A12E009648ED /* AYTabBarController.m in Sources */,
				D8580DAB1E02A9FE009648ED /* AYNavigationController.m in Sources */,
				D84825DB1E0125C9007FD9D3 /* ViewController.m in Sources */,
				D8580DAE1E02AAEB009648ED /* AYBaseViewController.m in Sources */,
				D8EC85FF1E0A77FA0044AE57 /* AYLayerEditorView.m in Sources */,
				D84825D81E0125C9007FD9D3 /* AppDelegate.m in Sources */,
				D83E80171E0830AC006B2B24 /* AYCanvas.m in Sources */,
				D83E80161E0830AC006B2B24 /* AYPixelAdapter.m in Sources */,
				D8468ED01E03A6AC0086F173 /* UIColor+colorWithInt.m in Sources */,
				D8580DB71E02AB34009648ED /* AYMeController.m in Sources */,
				D88DC06E1E02E62000C32C81 /* AYLoginViewController.m in Sources */,
				D8580DB11E02AB14009648ED /* AYExploreController.m in Sources */,
				D829F7081E09526900622FDF /* AYDrawViewController.m in Sources */,
				D8EC85FC1E0A5A6B0044AE57 /* AYLayerTableViewCell.m in Sources */,
				D81C944D1E0D375D00D95616 /* AYColorPickerViewController.m in Sources */,
				D88DC0771E0301A600C32C81 /* AYUnderLineTextField.m in Sources */,
				D8580DBC1E02B490009648ED /* AYDrawController1.m in Sources */,
				D845D2BB1E095DCF00754646 /* AYSwipeToolBarView.m in Sources */,
				D84825D51E0125C9007FD9D3 /* main.m in Sources */,
				D8E5EA6E1E0A45B600CF3CC5 /* AYLayerViewController.m in Sources */,
				D88DC0721E02EF7400C32C81 /* AYPopupWindow.m in Sources */,
				D8580DB41E02AB27009648ED /* AYMessageController.m in Sources */,
				D83E80151E0830AC006B2B24 /* AYDrawView.m in Sources */,
			);
			runOnlyForDeploymentPostprocessing = 0;
		};
		D84825E51E0125C9007FD9D3 /* Sources */ = {
			isa = PBXSourcesBuildPhase;
			buildActionMask = 2147483647;
			files = (
				D84825EE1E0125C9007FD9D3 /* PixelMillTests.m in Sources */,
			);
			runOnlyForDeploymentPostprocessing = 0;
		};
		D84825F01E0125C9007FD9D3 /* Sources */ = {
			isa = PBXSourcesBuildPhase;
			buildActionMask = 2147483647;
			files = (
				D84825F91E0125C9007FD9D3 /* PixelMillUITests.m in Sources */,
			);
			runOnlyForDeploymentPostprocessing = 0;
		};
/* End PBXSourcesBuildPhase section */

/* Begin PBXTargetDependency section */
		D84825EB1E0125C9007FD9D3 /* PBXTargetDependency */ = {
			isa = PBXTargetDependency;
			target = D84825CF1E0125C9007FD9D3 /* PixelMill */;
			targetProxy = D84825EA1E0125C9007FD9D3 /* PBXContainerItemProxy */;
		};
		D84825F61E0125C9007FD9D3 /* PBXTargetDependency */ = {
			isa = PBXTargetDependency;
			target = D84825CF1E0125C9007FD9D3 /* PixelMill */;
			targetProxy = D84825F51E0125C9007FD9D3 /* PBXContainerItemProxy */;
		};
/* End PBXTargetDependency section */

/* Begin PBXVariantGroup section */
		D84825DC1E0125C9007FD9D3 /* Main.storyboard */ = {
			isa = PBXVariantGroup;
			children = (
				D84825DD1E0125C9007FD9D3 /* Base */,
			);
			name = Main.storyboard;
			sourceTree = "<group>";
		};
		D84825E11E0125C9007FD9D3 /* LaunchScreen.storyboard */ = {
			isa = PBXVariantGroup;
			children = (
				D84825E21E0125C9007FD9D3 /* Base */,
			);
			name = LaunchScreen.storyboard;
			sourceTree = "<group>";
		};
/* End PBXVariantGroup section */

/* Begin XCBuildConfiguration section */
		D84825FB1E0125C9007FD9D3 /* Debug */ = {
			isa = XCBuildConfiguration;
			buildSettings = {
				ALWAYS_SEARCH_USER_PATHS = NO;
				CLANG_ANALYZER_NONNULL = YES;
				CLANG_CXX_LANGUAGE_STANDARD = "gnu++0x";
				CLANG_CXX_LIBRARY = "libc++";
				CLANG_ENABLE_MODULES = YES;
				CLANG_ENABLE_OBJC_ARC = YES;
				CLANG_WARN_BOOL_CONVERSION = YES;
				CLANG_WARN_CONSTANT_CONVERSION = YES;
				CLANG_WARN_DIRECT_OBJC_ISA_USAGE = YES_ERROR;
				CLANG_WARN_DOCUMENTATION_COMMENTS = YES;
				CLANG_WARN_EMPTY_BODY = YES;
				CLANG_WARN_ENUM_CONVERSION = YES;
				CLANG_WARN_INFINITE_RECURSION = YES;
				CLANG_WARN_INT_CONVERSION = YES;
				CLANG_WARN_OBJC_ROOT_CLASS = YES_ERROR;
				CLANG_WARN_SUSPICIOUS_MOVE = YES;
				CLANG_WARN_SUSPICIOUS_MOVES = YES;
				CLANG_WARN_UNREACHABLE_CODE = YES;
				CLANG_WARN__DUPLICATE_METHOD_MATCH = YES;
				"CODE_SIGN_IDENTITY[sdk=iphoneos*]" = "iPhone Developer";
				COPY_PHASE_STRIP = NO;
				DEBUG_INFORMATION_FORMAT = dwarf;
				ENABLE_STRICT_OBJC_MSGSEND = YES;
				ENABLE_TESTABILITY = YES;
				GCC_C_LANGUAGE_STANDARD = gnu99;
				GCC_DYNAMIC_NO_PIC = NO;
				GCC_NO_COMMON_BLOCKS = YES;
				GCC_OPTIMIZATION_LEVEL = 0;
				GCC_PREPROCESSOR_DEFINITIONS = (
					"DEBUG=1",
					"$(inherited)",
				);
				GCC_WARN_64_TO_32_BIT_CONVERSION = YES;
				GCC_WARN_ABOUT_RETURN_TYPE = YES_ERROR;
				GCC_WARN_UNDECLARED_SELECTOR = YES;
				GCC_WARN_UNINITIALIZED_AUTOS = YES_AGGRESSIVE;
				GCC_WARN_UNUSED_FUNCTION = YES;
				GCC_WARN_UNUSED_VARIABLE = YES;
				IPHONEOS_DEPLOYMENT_TARGET = 9.0;
				MTL_ENABLE_DEBUG_INFO = YES;
				ONLY_ACTIVE_ARCH = YES;
				SDKROOT = iphoneos;
			};
			name = Debug;
		};
		D84825FC1E0125C9007FD9D3 /* Release */ = {
			isa = XCBuildConfiguration;
			buildSettings = {
				ALWAYS_SEARCH_USER_PATHS = NO;
				CLANG_ANALYZER_NONNULL = YES;
				CLANG_CXX_LANGUAGE_STANDARD = "gnu++0x";
				CLANG_CXX_LIBRARY = "libc++";
				CLANG_ENABLE_MODULES = YES;
				CLANG_ENABLE_OBJC_ARC = YES;
				CLANG_WARN_BOOL_CONVERSION = YES;
				CLANG_WARN_CONSTANT_CONVERSION = YES;
				CLANG_WARN_DIRECT_OBJC_ISA_USAGE = YES_ERROR;
				CLANG_WARN_DOCUMENTATION_COMMENTS = YES;
				CLANG_WARN_EMPTY_BODY = YES;
				CLANG_WARN_ENUM_CONVERSION = YES;
				CLANG_WARN_INFINITE_RECURSION = YES;
				CLANG_WARN_INT_CONVERSION = YES;
				CLANG_WARN_OBJC_ROOT_CLASS = YES_ERROR;
				CLANG_WARN_SUSPICIOUS_MOVE = YES;
				CLANG_WARN_SUSPICIOUS_MOVES = YES;
				CLANG_WARN_UNREACHABLE_CODE = YES;
				CLANG_WARN__DUPLICATE_METHOD_MATCH = YES;
				"CODE_SIGN_IDENTITY[sdk=iphoneos*]" = "iPhone Developer";
				COPY_PHASE_STRIP = NO;
				DEBUG_INFORMATION_FORMAT = "dwarf-with-dsym";
				ENABLE_NS_ASSERTIONS = NO;
				ENABLE_STRICT_OBJC_MSGSEND = YES;
				GCC_C_LANGUAGE_STANDARD = gnu99;
				GCC_NO_COMMON_BLOCKS = YES;
				GCC_WARN_64_TO_32_BIT_CONVERSION = YES;
				GCC_WARN_ABOUT_RETURN_TYPE = YES_ERROR;
				GCC_WARN_UNDECLARED_SELECTOR = YES;
				GCC_WARN_UNINITIALIZED_AUTOS = YES_AGGRESSIVE;
				GCC_WARN_UNUSED_FUNCTION = YES;
				GCC_WARN_UNUSED_VARIABLE = YES;
				IPHONEOS_DEPLOYMENT_TARGET = 9.0;
				MTL_ENABLE_DEBUG_INFO = NO;
				SDKROOT = iphoneos;
				VALIDATE_PRODUCT = YES;
			};
			name = Release;
		};
		D84825FE1E0125C9007FD9D3 /* Debug */ = {
			isa = XCBuildConfiguration;
			baseConfigurationReference = 7298EBB59E975A7FA0B0170E /* Pods-PixelMill.debug.xcconfig */;
			buildSettings = {
				ASSETCATALOG_COMPILER_APPICON_NAME = AppIcon;
				DEVELOPMENT_TEAM = 3Q2KCLD6NT;
				INFOPLIST_FILE = PixelMill/Info.plist;
				IPHONEOS_DEPLOYMENT_TARGET = 9.0;
				LD_RUNPATH_SEARCH_PATHS = "$(inherited) @executable_path/Frameworks";
				PRODUCT_BUNDLE_IDENTIFIER = tygogo.Quiz;
				PRODUCT_NAME = "$(TARGET_NAME)";
			};
			name = Debug;
		};
		D84825FF1E0125C9007FD9D3 /* Release */ = {
			isa = XCBuildConfiguration;
			baseConfigurationReference = 8CBCA05A4C54D73F45ACC0B5 /* Pods-PixelMill.release.xcconfig */;
			buildSettings = {
				ASSETCATALOG_COMPILER_APPICON_NAME = AppIcon;
				DEVELOPMENT_TEAM = 3Q2KCLD6NT;
				INFOPLIST_FILE = PixelMill/Info.plist;
				IPHONEOS_DEPLOYMENT_TARGET = 9.0;
				LD_RUNPATH_SEARCH_PATHS = "$(inherited) @executable_path/Frameworks";
				PRODUCT_BUNDLE_IDENTIFIER = tygogo.Quiz;
				PRODUCT_NAME = "$(TARGET_NAME)";
			};
			name = Release;
		};
		D84826011E0125C9007FD9D3 /* Debug */ = {
			isa = XCBuildConfiguration;
			baseConfigurationReference = B21442F67D3D8874CE0FA8C2 /* Pods-PixelMillTests.debug.xcconfig */;
			buildSettings = {
				BUNDLE_LOADER = "$(TEST_HOST)";
				DEVELOPMENT_TEAM = 3Q2KCLD6NT;
				INFOPLIST_FILE = PixelMillTests/Info.plist;
				LD_RUNPATH_SEARCH_PATHS = "$(inherited) @executable_path/Frameworks @loader_path/Frameworks";
				PRODUCT_BUNDLE_IDENTIFIER = tygogo.PixelMillTests;
				PRODUCT_NAME = "$(TARGET_NAME)";
				TEST_HOST = "$(BUILT_PRODUCTS_DIR)/PixelMill.app/PixelMill";
			};
			name = Debug;
		};
		D84826021E0125C9007FD9D3 /* Release */ = {
			isa = XCBuildConfiguration;
			baseConfigurationReference = E73BA7D9D9E8B58716F146B6 /* Pods-PixelMillTests.release.xcconfig */;
			buildSettings = {
				BUNDLE_LOADER = "$(TEST_HOST)";
				DEVELOPMENT_TEAM = 3Q2KCLD6NT;
				INFOPLIST_FILE = PixelMillTests/Info.plist;
				LD_RUNPATH_SEARCH_PATHS = "$(inherited) @executable_path/Frameworks @loader_path/Frameworks";
				PRODUCT_BUNDLE_IDENTIFIER = tygogo.PixelMillTests;
				PRODUCT_NAME = "$(TARGET_NAME)";
				TEST_HOST = "$(BUILT_PRODUCTS_DIR)/PixelMill.app/PixelMill";
			};
			name = Release;
		};
		D84826041E0125C9007FD9D3 /* Debug */ = {
			isa = XCBuildConfiguration;
			baseConfigurationReference = 97C3B344EB0DA3EAC312633B /* Pods-PixelMillUITests.debug.xcconfig */;
			buildSettings = {
				DEVELOPMENT_TEAM = 3Q2KCLD6NT;
				INFOPLIST_FILE = PixelMillUITests/Info.plist;
				LD_RUNPATH_SEARCH_PATHS = "$(inherited) @executable_path/Frameworks @loader_path/Frameworks";
				PRODUCT_BUNDLE_IDENTIFIER = tygogo.PixelMillUITests;
				PRODUCT_NAME = "$(TARGET_NAME)";
				TEST_TARGET_NAME = PixelMill;
			};
			name = Debug;
		};
		D84826051E0125C9007FD9D3 /* Release */ = {
			isa = XCBuildConfiguration;
			baseConfigurationReference = 50EDC56C6A9D487FE62FEB1C /* Pods-PixelMillUITests.release.xcconfig */;
			buildSettings = {
				DEVELOPMENT_TEAM = 3Q2KCLD6NT;
				INFOPLIST_FILE = PixelMillUITests/Info.plist;
				LD_RUNPATH_SEARCH_PATHS = "$(inherited) @executable_path/Frameworks @loader_path/Frameworks";
				PRODUCT_BUNDLE_IDENTIFIER = tygogo.PixelMillUITests;
				PRODUCT_NAME = "$(TARGET_NAME)";
				TEST_TARGET_NAME = PixelMill;
			};
			name = Release;
		};
/* End XCBuildConfiguration section */

/* Begin XCConfigurationList section */
		D84825CB1E0125C8007FD9D3 /* Build configuration list for PBXProject "PixelMill" */ = {
			isa = XCConfigurationList;
			buildConfigurations = (
				D84825FB1E0125C9007FD9D3 /* Debug */,
				D84825FC1E0125C9007FD9D3 /* Release */,
			);
			defaultConfigurationIsVisible = 0;
			defaultConfigurationName = Release;
		};
		D84825FD1E0125C9007FD9D3 /* Build configuration list for PBXNativeTarget "PixelMill" */ = {
			isa = XCConfigurationList;
			buildConfigurations = (
				D84825FE1E0125C9007FD9D3 /* Debug */,
				D84825FF1E0125C9007FD9D3 /* Release */,
			);
			defaultConfigurationIsVisible = 0;
			defaultConfigurationName = Release;
		};
		D84826001E0125C9007FD9D3 /* Build configuration list for PBXNativeTarget "PixelMillTests" */ = {
			isa = XCConfigurationList;
			buildConfigurations = (
				D84826011E0125C9007FD9D3 /* Debug */,
				D84826021E0125C9007FD9D3 /* Release */,
			);
			defaultConfigurationIsVisible = 0;
			defaultConfigurationName = Release;
		};
		D84826031E0125C9007FD9D3 /* Build configuration list for PBXNativeTarget "PixelMillUITests" */ = {
			isa = XCConfigurationList;
			buildConfigurations = (
				D84826041E0125C9007FD9D3 /* Debug */,
				D84826051E0125C9007FD9D3 /* Release */,
			);
			defaultConfigurationIsVisible = 0;
			defaultConfigurationName = Release;
		};
/* End XCConfigurationList section */
	};
	rootObject = D84825C81E0125C8007FD9D3 /* Project object */;
}
